Microsoft Visual Studio Solution File, Format Version 11.00
# Visual Studio 2010
Project("{8BC9CEB8-8B4A-11D0-8D11-00A0C91BC942}") = "ALL_BUILD", "ALL_BUILD.vcxproj", "{5E4021CE-A3F9-4001-B814-40471C5AC377}"
	ProjectSection(ProjectDependencies) = postProject
		{D769F517-D304-480F-8A8F-BC1E9FC1BF2E} = {D769F517-D304-480F-8A8F-BC1E9FC1BF2E}
		{38BE25FC-5EA8-4FFC-959E-D1AD8B017DC4} = {38BE25FC-5EA8-4FFC-959E-D1AD8B017DC4}
		{FF3BA907-3F94-4587-A06F-2B813AF757A6} = {FF3BA907-3F94-4587-A06F-2B813AF757A6}
		{24A4826C-5483-40C5-94CC-A8EFDA9C27F4} = {24A4826C-5483-40C5-94CC-A8EFDA9C27F4}
		{54675054-5E7F-49BC-B38F-5171C708B4B7} = {54675054-5E7F-49BC-B38F-5171C708B4B7}
		{70479C9F-1ED4-457D-BB89-073CFEC5F8A1} = {70479C9F-1ED4-457D-BB89-073CFEC5F8A1}
	EndProjectSection
EndProject
Project("{8BC9CEB8-8B4A-11D0-8D11-00A0C91BC942}") = "INSTALL", "INSTALL.vcxproj", "{E3252FEA-CDEC-49BE-9A31-B5881C065203}"
	ProjectSection(ProjectDependencies) = postProject
		{5E4021CE-A3F9-4001-B814-40471C5AC377} = {5E4021CE-A3F9-4001-B814-40471C5AC377}
	EndProjectSection
EndProject
Project("{8BC9CEB8-8B4A-11D0-8D11-00A0C91BC942}") = "ZERO_CHECK", "ZERO_CHECK.vcxproj", "{D769F517-D304-480F-8A8F-BC1E9FC1BF2E}"
	ProjectSection(ProjectDependencies) = postProject
	EndProjectSection
EndProject
Project("{8BC9CEB8-8B4A-11D0-8D11-00A0C91BC942}") = "bulletcollision", "src\bullet\bulletcollision.vcxproj", "{38BE25FC-5EA8-4FFC-959E-D1AD8B017DC4}"
	ProjectSection(ProjectDependencies) = postProject
		{D769F517-D304-480F-8A8F-BC1E9FC1BF2E} = {D769F517-D304-480F-8A8F-BC1E9FC1BF2E}
	EndProjectSection
EndProject
Project("{8BC9CEB8-8B4A-11D0-8D11-00A0C91BC942}") = "bulletdynamics", "src\bullet\bulletdynamics.vcxproj", "{FF3BA907-3F94-4587-A06F-2B813AF757A6}"
	ProjectSection(ProjectDependencies) = postProject
		{D769F517-D304-480F-8A8F-BC1E9FC1BF2E} = {D769F517-D304-480F-8A8F-BC1E9FC1BF2E}
	EndProjectSection
EndProject
Project("{8BC9CEB8-8B4A-11D0-8D11-00A0C91BC942}") = "bulletmath", "src\bullet\bulletmath.vcxproj", "{24A4826C-5483-40C5-94CC-A8EFDA9C27F4}"
	ProjectSection(ProjectDependencies) = postProject
		{D769F517-D304-480F-8A8F-BC1E9FC1BF2E} = {D769F517-D304-480F-8A8F-BC1E9FC1BF2E}
	EndProjectSection
EndProject
Project("{8BC9CEB8-8B4A-11D0-8D11-00A0C91BC942}") = "dist", "dist.vcxproj", "{E527DDC6-819E-4B18-993A-FA238B8E5AE6}"
	ProjectSection(ProjectDependencies) = postProject
		{D769F517-D304-480F-8A8F-BC1E9FC1BF2E} = {D769F517-D304-480F-8A8F-BC1E9FC1BF2E}
	EndProjectSection
EndProject
Project("{8BC9CEB8-8B4A-11D0-8D11-00A0C91BC942}") = "enet", "src\enet\enet.vcxproj", "{54675054-5E7F-49BC-B38F-5171C708B4B7}"
	ProjectSection(ProjectDependencies) = postProject
		{D769F517-D304-480F-8A8F-BC1E9FC1BF2E} = {D769F517-D304-480F-8A8F-BC1E9FC1BF2E}
	EndProjectSection
EndProject
Project("{8BC9CEB8-8B4A-11D0-8D11-00A0C91BC942}") = "supertuxkart", "supertuxkart.vcxproj", "{70479C9F-1ED4-457D-BB89-073CFEC5F8A1}"
	ProjectSection(ProjectDependencies) = postProject
		{D769F517-D304-480F-8A8F-BC1E9FC1BF2E} = {D769F517-D304-480F-8A8F-BC1E9FC1BF2E}
		{38BE25FC-5EA8-4FFC-959E-D1AD8B017DC4} = {38BE25FC-5EA8-4FFC-959E-D1AD8B017DC4}
		{FF3BA907-3F94-4587-A06F-2B813AF757A6} = {FF3BA907-3F94-4587-A06F-2B813AF757A6}
		{24A4826C-5483-40C5-94CC-A8EFDA9C27F4} = {24A4826C-5483-40C5-94CC-A8EFDA9C27F4}
		{54675054-5E7F-49BC-B38F-5171C708B4B7} = {54675054-5E7F-49BC-B38F-5171C708B4B7}
	EndProjectSection
EndProject
Global
	GlobalSection(SolutionConfigurationPlatforms) = preSolution
		Debug|Win32 = Debug|Win32
		Release|Win32 = Release|Win32
		MinSizeRel|Win32 = MinSizeRel|Win32
		RelWithDebInfo|Win32 = RelWithDebInfo|Win32
	EndGlobalSection
	GlobalSection(ProjectConfigurationPlatforms) = postSolution
		{5E4021CE-A3F9-4001-B814-40471C5AC377}.Debug|Win32.ActiveCfg = Debug|Win32
		{5E4021CE-A3F9-4001-B814-40471C5AC377}.Debug|Win32.Build.0 = Debug|Win32
		{5E4021CE-A3F9-4001-B814-40471C5AC377}.Release|Win32.ActiveCfg = Release|Win32
		{5E4021CE-A3F9-4001-B814-40471C5AC377}.Release|Win32.Build.0 = Release|Win32
		{5E4021CE-A3F9-4001-B814-40471C5AC377}.MinSizeRel|Win32.ActiveCfg = MinSizeRel|Win32
		{5E4021CE-A3F9-4001-B814-40471C5AC377}.MinSizeRel|Win32.Build.0 = MinSizeRel|Win32
		{5E4021CE-A3F9-4001-B814-40471C5AC377}.RelWithDebInfo|Win32.ActiveCfg = RelWithDebInfo|Win32
		{5E4021CE-A3F9-4001-B814-40471C5AC377}.RelWithDebInfo|Win32.Build.0 = RelWithDebInfo|Win32
		{E3252FEA-CDEC-49BE-9A31-B5881C065203}.Debug|Win32.ActiveCfg = Debug|Win32
		{E3252FEA-CDEC-49BE-9A31-B5881C065203}.Release|Win32.ActiveCfg = Release|Win32
		{E3252FEA-CDEC-49BE-9A31-B5881C065203}.MinSizeRel|Win32.ActiveCfg = MinSizeRel|Win32
		{E3252FEA-CDEC-49BE-9A31-B5881C065203}.RelWithDebInfo|Win32.ActiveCfg = RelWithDebInfo|Win32
		{D769F517-D304-480F-8A8F-BC1E9FC1BF2E}.Debug|Win32.ActiveCfg = Debug|Win32
		{D769F517-D304-480F-8A8F-BC1E9FC1BF2E}.Debug|Win32.Build.0 = Debug|Win32
		{D769F517-D304-480F-8A8F-BC1E9FC1BF2E}.Release|Win32.ActiveCfg = Release|Win32
		{D769F517-D304-480F-8A8F-BC1E9FC1BF2E}.Release|Win32.Build.0 = Release|Win32
		{D769F517-D304-480F-8A8F-BC1E9FC1BF2E}.MinSizeRel|Win32.ActiveCfg = MinSizeRel|Win32
		{D769F517-D304-480F-8A8F-BC1E9FC1BF2E}.MinSizeRel|Win32.Build.0 = MinSizeRel|Win32
		{D769F517-D304-480F-8A8F-BC1E9FC1BF2E}.RelWithDebInfo|Win32.ActiveCfg = RelWithDebInfo|Win32
		{D769F517-D304-480F-8A8F-BC1E9FC1BF2E}.RelWithDebInfo|Win32.Build.0 = RelWithDebInfo|Win32
		{38BE25FC-5EA8-4FFC-959E-D1AD8B017DC4}.Debug|Win32.ActiveCfg = Debug|Win32
		{38BE25FC-5EA8-4FFC-959E-D1AD8B017DC4}.Debug|Win32.Build.0 = Debug|Win32
		{38BE25FC-5EA8-4FFC-959E-D1AD8B017DC4}.Release|Win32.ActiveCfg = Release|Win32
		{38BE25FC-5EA8-4FFC-959E-D1AD8B017DC4}.Release|Win32.Build.0 = Release|Win32
		{38BE25FC-5EA8-4FFC-959E-D1AD8B017DC4}.MinSizeRel|Win32.ActiveCfg = MinSizeRel|Win32
		{38BE25FC-5EA8-4FFC-959E-D1AD8B017DC4}.MinSizeRel|Win32.Build.0 = MinSizeRel|Win32
		{38BE25FC-5EA8-4FFC-959E-D1AD8B017DC4}.RelWithDebInfo|Win32.ActiveCfg = RelWithDebInfo|Win32
		{38BE25FC-5EA8-4FFC-959E-D1AD8B017DC4}.RelWithDebInfo|Win32.Build.0 = RelWithDebInfo|Win32
		{FF3BA907-3F94-4587-A06F-2B813AF757A6}.Debug|Win32.ActiveCfg = Debug|Win32
		{FF3BA907-3F94-4587-A06F-2B813AF757A6}.Debug|Win32.Build.0 = Debug|Win32
		{FF3BA907-3F94-4587-A06F-2B813AF757A6}.Release|Win32.ActiveCfg = Release|Win32
		{FF3BA907-3F94-4587-A06F-2B813AF757A6}.Release|Win32.Build.0 = Release|Win32
		{FF3BA907-3F94-4587-A06F-2B813AF757A6}.MinSizeRel|Win32.ActiveCfg = MinSizeRel|Win32
		{FF3BA907-3F94-4587-A06F-2B813AF757A6}.MinSizeRel|Win32.Build.0 = MinSizeRel|Win32
		{FF3BA907-3F94-4587-A06F-2B813AF757A6}.RelWithDebInfo|Win32.ActiveCfg = RelWithDebInfo|Win32
		{FF3BA907-3F94-4587-A06F-2B813AF757A6}.RelWithDebInfo|Win32.Build.0 = RelWithDebInfo|Win32
		{24A4826C-5483-40C5-94CC-A8EFDA9C27F4}.Debug|Win32.ActiveCfg = Debug|Win32
		{24A4826C-5483-40C5-94CC-A8EFDA9C27F4}.Debug|Win32.Build.0 = Debug|Win32
		{24A4826C-5483-40C5-94CC-A8EFDA9C27F4}.Release|Win32.ActiveCfg = Release|Win32
		{24A4826C-5483-40C5-94CC-A8EFDA9C27F4}.Release|Win32.Build.0 = Release|Win32
		{24A4826C-5483-40C5-94CC-A8EFDA9C27F4}.MinSizeRel|Win32.ActiveCfg = MinSizeRel|Win32
		{24A4826C-5483-40C5-94CC-A8EFDA9C27F4}.MinSizeRel|Win32.Build.0 = MinSizeRel|Win32
		{24A4826C-5483-40C5-94CC-A8EFDA9C27F4}.RelWithDebInfo|Win32.ActiveCfg = RelWithDebInfo|Win32
		{24A4826C-5483-40C5-94CC-A8EFDA9C27F4}.RelWithDebInfo|Win32.Build.0 = RelWithDebInfo|Win32
		{E527DDC6-819E-4B18-993A-FA238B8E5AE6}.Debug|Win32.ActiveCfg = Debug|Win32
		{E527DDC6-819E-4B18-993A-FA238B8E5AE6}.Release|Win32.ActiveCfg = Release|Win32
		{E527DDC6-819E-4B18-993A-FA238B8E5AE6}.MinSizeRel|Win32.ActiveCfg = MinSizeRel|Win32
		{E527DDC6-819E-4B18-993A-FA238B8E5AE6}.RelWithDebInfo|Win32.ActiveCfg = RelWithDebInfo|Win32
		{54675054-5E7F-49BC-B38F-5171C708B4B7}.Debug|Win32.ActiveCfg = Debug|Win32
		{54675054-5E7F-49BC-B38F-5171C708B4B7}.Debug|Win32.Build.0 = Debug|Win32
		{54675054-5E7F-49BC-B38F-5171C708B4B7}.Release|Win32.ActiveCfg = Release|Win32
		{54675054-5E7F-49BC-B38F-5171C708B4B7}.Release|Win32.Build.0 = Release|Win32
		{54675054-5E7F-49BC-B38F-5171C708B4B7}.MinSizeRel|Win32.ActiveCfg = MinSizeRel|Win32
		{54675054-5E7F-49BC-B38F-5171C708B4B7}.MinSizeRel|Win32.Build.0 = MinSizeRel|Win32
		{54675054-5E7F-49BC-B38F-5171C708B4B7}.RelWithDebInfo|Win32.ActiveCfg = RelWithDebInfo|Win32
		{54675054-5E7F-49BC-B38F-5171C708B4B7}.RelWithDebInfo|Win32.Build.0 = RelWithDebInfo|Win32
		{70479C9F-1ED4-457D-BB89-073CFEC5F8A1}.Debug|Win32.ActiveCfg = Debug|Win32
		{70479C9F-1ED4-457D-BB89-073CFEC5F8A1}.Debug|Win32.Build.0 = Debug|Win32
		{70479C9F-1ED4-457D-BB89-073CFEC5F8A1}.Release|Win32.ActiveCfg = Release|Win32
		{70479C9F-1ED4-457D-BB89-073CFEC5F8A1}.Release|Win32.Build.0 = Release|Win32
		{70479C9F-1ED4-457D-BB89-073CFEC5F8A1}.MinSizeRel|Win32.ActiveCfg = MinSizeRel|Win32
		{70479C9F-1ED4-457D-BB89-073CFEC5F8A1}.MinSizeRel|Win32.Build.0 = MinSizeRel|Win32
		{70479C9F-1ED4-457D-BB89-073CFEC5F8A1}.RelWithDebInfo|Win32.ActiveCfg = RelWithDebInfo|Win32
		{70479C9F-1ED4-457D-BB89-073CFEC5F8A1}.RelWithDebInfo|Win32.Build.0 = RelWithDebInfo|Win32
	EndGlobalSection
	GlobalSection(ExtensibilityGlobals) = postSolution
	EndGlobalSection
	GlobalSection(ExtensibilityAddIns) = postSolution
	EndGlobalSection
EndGlobal
