Microsoft Visual Studio Solution File, Format Version 11.00
# Visual Studio 2010
Project("{8BC9CEB8-8B4A-11D0-8D11-00A0C91BC942}") = "ALL_BUILD", "ALL_BUILD.vcxproj", "{480F76DB-7C5F-47EE-ACFA-6EA70988BCA0}"
	ProjectSection(ProjectDependencies) = postProject
		{472FCD5E-7210-42D8-B30F-DD802B9DD842} = {472FCD5E-7210-42D8-B30F-DD802B9DD842}
		{AE1F7D1D-90ED-407B-AA76-28E9B68E3E13} = {AE1F7D1D-90ED-407B-AA76-28E9B68E3E13}
		{1BEDA773-83EF-4B54-A05A-36741FD96A80} = {1BEDA773-83EF-4B54-A05A-36741FD96A80}
		{80382F99-0DB1-4A16-BECE-9201E9F5EF10} = {80382F99-0DB1-4A16-BECE-9201E9F5EF10}
		{842F4858-CDA3-4BB2-97E4-8B51C3A97313} = {842F4858-CDA3-4BB2-97E4-8B51C3A97313}
		{F3E8951F-543D-42B2-BB17-210344014336} = {F3E8951F-543D-42B2-BB17-210344014336}
	EndProjectSection
EndProject
Project("{8BC9CEB8-8B4A-11D0-8D11-00A0C91BC942}") = "INSTALL", "INSTALL.vcxproj", "{10DBB188-B257-43E3-92AD-A410E1D1CC1B}"
	ProjectSection(ProjectDependencies) = postProject
		{480F76DB-7C5F-47EE-ACFA-6EA70988BCA0} = {480F76DB-7C5F-47EE-ACFA-6EA70988BCA0}
	EndProjectSection
EndProject
Project("{8BC9CEB8-8B4A-11D0-8D11-00A0C91BC942}") = "ZERO_CHECK", "ZERO_CHECK.vcxproj", "{472FCD5E-7210-42D8-B30F-DD802B9DD842}"
EndProject
Project("{8BC9CEB8-8B4A-11D0-8D11-00A0C91BC942}") = "bulletcollision", "lib\bullet\bulletcollision.vcxproj", "{AE1F7D1D-90ED-407B-AA76-28E9B68E3E13}"
	ProjectSection(ProjectDependencies) = postProject
		{472FCD5E-7210-42D8-B30F-DD802B9DD842} = {472FCD5E-7210-42D8-B30F-DD802B9DD842}
	EndProjectSection
EndProject
Project("{8BC9CEB8-8B4A-11D0-8D11-00A0C91BC942}") = "bulletdynamics", "lib\bullet\bulletdynamics.vcxproj", "{1BEDA773-83EF-4B54-A05A-36741FD96A80}"
	ProjectSection(ProjectDependencies) = postProject
		{472FCD5E-7210-42D8-B30F-DD802B9DD842} = {472FCD5E-7210-42D8-B30F-DD802B9DD842}
	EndProjectSection
EndProject
Project("{8BC9CEB8-8B4A-11D0-8D11-00A0C91BC942}") = "bulletmath", "lib\bullet\bulletmath.vcxproj", "{80382F99-0DB1-4A16-BECE-9201E9F5EF10}"
	ProjectSection(ProjectDependencies) = postProject
		{472FCD5E-7210-42D8-B30F-DD802B9DD842} = {472FCD5E-7210-42D8-B30F-DD802B9DD842}
	EndProjectSection
EndProject
Project("{8BC9CEB8-8B4A-11D0-8D11-00A0C91BC942}") = "dist", "dist.vcxproj", "{6BA539ED-D37C-4A0E-B428-FA01A10B4A84}"
	ProjectSection(ProjectDependencies) = postProject
		{472FCD5E-7210-42D8-B30F-DD802B9DD842} = {472FCD5E-7210-42D8-B30F-DD802B9DD842}
	EndProjectSection
EndProject
Project("{8BC9CEB8-8B4A-11D0-8D11-00A0C91BC942}") = "enet", "lib\enet\enet.vcxproj", "{842F4858-CDA3-4BB2-97E4-8B51C3A97313}"
	ProjectSection(ProjectDependencies) = postProject
		{472FCD5E-7210-42D8-B30F-DD802B9DD842} = {472FCD5E-7210-42D8-B30F-DD802B9DD842}
	EndProjectSection
EndProject
Project("{8BC9CEB8-8B4A-11D0-8D11-00A0C91BC942}") = "supertuxkart", "supertuxkart.vcxproj", "{F3E8951F-543D-42B2-BB17-210344014336}"
	ProjectSection(ProjectDependencies) = postProject
		{472FCD5E-7210-42D8-B30F-DD802B9DD842} = {472FCD5E-7210-42D8-B30F-DD802B9DD842}
		{AE1F7D1D-90ED-407B-AA76-28E9B68E3E13} = {AE1F7D1D-90ED-407B-AA76-28E9B68E3E13}
		{1BEDA773-83EF-4B54-A05A-36741FD96A80} = {1BEDA773-83EF-4B54-A05A-36741FD96A80}
		{80382F99-0DB1-4A16-BECE-9201E9F5EF10} = {80382F99-0DB1-4A16-BECE-9201E9F5EF10}
		{842F4858-CDA3-4BB2-97E4-8B51C3A97313} = {842F4858-CDA3-4BB2-97E4-8B51C3A97313}
	EndProjectSection
EndProject
Project("{8BC9CEB8-8B4A-11D0-8D11-00A0C91BC942}") = "Irrlicht", "..\irr-gles\source\Irrlicht\Irrlicht10.0.vcxproj", "{E08E042A-6C45-411B-92BE-3CC31331019F}"
EndProject
Global
	GlobalSection(SolutionConfigurationPlatforms) = preSolution
		Debug|Win32 = Debug|Win32
		Debug|x64 = Debug|x64
		MinSizeRel|Win32 = MinSizeRel|Win32
		MinSizeRel|x64 = MinSizeRel|x64
		Release - Fast FPU|Win32 = Release - Fast FPU|Win32
		Release - Fast FPU|x64 = Release - Fast FPU|x64
		Release|Win32 = Release|Win32
		Release|x64 = Release|x64
		RelWithDebInfo|Win32 = RelWithDebInfo|Win32
		RelWithDebInfo|x64 = RelWithDebInfo|x64
		SDL-Debug|Win32 = SDL-Debug|Win32
		SDL-Debug|x64 = SDL-Debug|x64
		Static lib - Debug|Win32 = Static lib - Debug|Win32
		Static lib - Debug|x64 = Static lib - Debug|x64
		Static lib - Release - Fast FPU|Win32 = Static lib - Release - Fast FPU|Win32
		Static lib - Release - Fast FPU|x64 = Static lib - Release - Fast FPU|x64
		Static lib - Release|Win32 = Static lib - Release|Win32
		Static lib - Release|x64 = Static lib - Release|x64
	EndGlobalSection
	GlobalSection(ProjectConfigurationPlatforms) = postSolution
		{480F76DB-7C5F-47EE-ACFA-6EA70988BCA0}.Debug|Win32.ActiveCfg = Debug|Win32
		{480F76DB-7C5F-47EE-ACFA-6EA70988BCA0}.Debug|Win32.Build.0 = Debug|Win32
		{480F76DB-7C5F-47EE-ACFA-6EA70988BCA0}.Debug|x64.ActiveCfg = Debug|Win32
		{480F76DB-7C5F-47EE-ACFA-6EA70988BCA0}.MinSizeRel|Win32.ActiveCfg = MinSizeRel|Win32
		{480F76DB-7C5F-47EE-ACFA-6EA70988BCA0}.MinSizeRel|Win32.Build.0 = MinSizeRel|Win32
		{480F76DB-7C5F-47EE-ACFA-6EA70988BCA0}.MinSizeRel|x64.ActiveCfg = MinSizeRel|Win32
		{480F76DB-7C5F-47EE-ACFA-6EA70988BCA0}.Release - Fast FPU|Win32.ActiveCfg = Release|Win32
		{480F76DB-7C5F-47EE-ACFA-6EA70988BCA0}.Release - Fast FPU|Win32.Build.0 = Release|Win32
		{480F76DB-7C5F-47EE-ACFA-6EA70988BCA0}.Release - Fast FPU|x64.ActiveCfg = Release|Win32
		{480F76DB-7C5F-47EE-ACFA-6EA70988BCA0}.Release|Win32.ActiveCfg = Release|Win32
		{480F76DB-7C5F-47EE-ACFA-6EA70988BCA0}.Release|Win32.Build.0 = Release|Win32
		{480F76DB-7C5F-47EE-ACFA-6EA70988BCA0}.Release|x64.ActiveCfg = Release|Win32
		{480F76DB-7C5F-47EE-ACFA-6EA70988BCA0}.RelWithDebInfo|Win32.ActiveCfg = RelWithDebInfo|Win32
		{480F76DB-7C5F-47EE-ACFA-6EA70988BCA0}.RelWithDebInfo|Win32.Build.0 = RelWithDebInfo|Win32
		{480F76DB-7C5F-47EE-ACFA-6EA70988BCA0}.RelWithDebInfo|x64.ActiveCfg = RelWithDebInfo|Win32
		{480F76DB-7C5F-47EE-ACFA-6EA70988BCA0}.SDL-Debug|Win32.ActiveCfg = Debug|Win32
		{480F76DB-7C5F-47EE-ACFA-6EA70988BCA0}.SDL-Debug|Win32.Build.0 = Debug|Win32
		{480F76DB-7C5F-47EE-ACFA-6EA70988BCA0}.SDL-Debug|x64.ActiveCfg = Debug|Win32
		{480F76DB-7C5F-47EE-ACFA-6EA70988BCA0}.Static lib - Debug|Win32.ActiveCfg = Debug|Win32
		{480F76DB-7C5F-47EE-ACFA-6EA70988BCA0}.Static lib - Debug|Win32.Build.0 = Debug|Win32
		{480F76DB-7C5F-47EE-ACFA-6EA70988BCA0}.Static lib - Debug|x64.ActiveCfg = Debug|Win32
		{480F76DB-7C5F-47EE-ACFA-6EA70988BCA0}.Static lib - Release - Fast FPU|Win32.ActiveCfg = Release|Win32
		{480F76DB-7C5F-47EE-ACFA-6EA70988BCA0}.Static lib - Release - Fast FPU|Win32.Build.0 = Release|Win32
		{480F76DB-7C5F-47EE-ACFA-6EA70988BCA0}.Static lib - Release - Fast FPU|x64.ActiveCfg = Release|Win32
		{480F76DB-7C5F-47EE-ACFA-6EA70988BCA0}.Static lib - Release|Win32.ActiveCfg = Release|Win32
		{480F76DB-7C5F-47EE-ACFA-6EA70988BCA0}.Static lib - Release|Win32.Build.0 = Release|Win32
		{480F76DB-7C5F-47EE-ACFA-6EA70988BCA0}.Static lib - Release|x64.ActiveCfg = Release|Win32
		{10DBB188-B257-43E3-92AD-A410E1D1CC1B}.Debug|Win32.ActiveCfg = Debug|Win32
		{10DBB188-B257-43E3-92AD-A410E1D1CC1B}.Debug|x64.ActiveCfg = Debug|Win32
		{10DBB188-B257-43E3-92AD-A410E1D1CC1B}.MinSizeRel|Win32.ActiveCfg = MinSizeRel|Win32
		{10DBB188-B257-43E3-92AD-A410E1D1CC1B}.MinSizeRel|x64.ActiveCfg = MinSizeRel|Win32
		{10DBB188-B257-43E3-92AD-A410E1D1CC1B}.Release - Fast FPU|Win32.ActiveCfg = Release|Win32
		{10DBB188-B257-43E3-92AD-A410E1D1CC1B}.Release - Fast FPU|Win32.Build.0 = Release|Win32
		{10DBB188-B257-43E3-92AD-A410E1D1CC1B}.Release - Fast FPU|x64.ActiveCfg = Release|Win32
		{10DBB188-B257-43E3-92AD-A410E1D1CC1B}.Release|Win32.ActiveCfg = Release|Win32
		{10DBB188-B257-43E3-92AD-A410E1D1CC1B}.Release|x64.ActiveCfg = Release|Win32
		{10DBB188-B257-43E3-92AD-A410E1D1CC1B}.RelWithDebInfo|Win32.ActiveCfg = RelWithDebInfo|Win32
		{10DBB188-B257-43E3-92AD-A410E1D1CC1B}.RelWithDebInfo|x64.ActiveCfg = RelWithDebInfo|Win32
		{10DBB188-B257-43E3-92AD-A410E1D1CC1B}.SDL-Debug|Win32.ActiveCfg = Debug|Win32
		{10DBB188-B257-43E3-92AD-A410E1D1CC1B}.SDL-Debug|Win32.Build.0 = Debug|Win32
		{10DBB188-B257-43E3-92AD-A410E1D1CC1B}.SDL-Debug|x64.ActiveCfg = Debug|Win32
		{10DBB188-B257-43E3-92AD-A410E1D1CC1B}.Static lib - Debug|Win32.ActiveCfg = Debug|Win32
		{10DBB188-B257-43E3-92AD-A410E1D1CC1B}.Static lib - Debug|Win32.Build.0 = Debug|Win32
		{10DBB188-B257-43E3-92AD-A410E1D1CC1B}.Static lib - Debug|x64.ActiveCfg = Debug|Win32
		{10DBB188-B257-43E3-92AD-A410E1D1CC1B}.Static lib - Release - Fast FPU|Win32.ActiveCfg = Release|Win32
		{10DBB188-B257-43E3-92AD-A410E1D1CC1B}.Static lib - Release - Fast FPU|Win32.Build.0 = Release|Win32
		{10DBB188-B257-43E3-92AD-A410E1D1CC1B}.Static lib - Release - Fast FPU|x64.ActiveCfg = Release|Win32
		{10DBB188-B257-43E3-92AD-A410E1D1CC1B}.Static lib - Release|Win32.ActiveCfg = Release|Win32
		{10DBB188-B257-43E3-92AD-A410E1D1CC1B}.Static lib - Release|Win32.Build.0 = Release|Win32
		{10DBB188-B257-43E3-92AD-A410E1D1CC1B}.Static lib - Release|x64.ActiveCfg = Release|Win32
		{472FCD5E-7210-42D8-B30F-DD802B9DD842}.Debug|Win32.ActiveCfg = Debug|Win32
		{472FCD5E-7210-42D8-B30F-DD802B9DD842}.Debug|Win32.Build.0 = Debug|Win32
		{472FCD5E-7210-42D8-B30F-DD802B9DD842}.Debug|x64.ActiveCfg = Debug|Win32
		{472FCD5E-7210-42D8-B30F-DD802B9DD842}.MinSizeRel|Win32.ActiveCfg = MinSizeRel|Win32
		{472FCD5E-7210-42D8-B30F-DD802B9DD842}.MinSizeRel|Win32.Build.0 = MinSizeRel|Win32
		{472FCD5E-7210-42D8-B30F-DD802B9DD842}.MinSizeRel|x64.ActiveCfg = MinSizeRel|Win32
		{472FCD5E-7210-42D8-B30F-DD802B9DD842}.Release - Fast FPU|Win32.ActiveCfg = Release|Win32
		{472FCD5E-7210-42D8-B30F-DD802B9DD842}.Release - Fast FPU|Win32.Build.0 = Release|Win32
		{472FCD5E-7210-42D8-B30F-DD802B9DD842}.Release - Fast FPU|x64.ActiveCfg = Release|Win32
		{472FCD5E-7210-42D8-B30F-DD802B9DD842}.Release|Win32.ActiveCfg = Release|Win32
		{472FCD5E-7210-42D8-B30F-DD802B9DD842}.Release|Win32.Build.0 = Release|Win32
		{472FCD5E-7210-42D8-B30F-DD802B9DD842}.Release|x64.ActiveCfg = Release|Win32
		{472FCD5E-7210-42D8-B30F-DD802B9DD842}.RelWithDebInfo|Win32.ActiveCfg = RelWithDebInfo|Win32
		{472FCD5E-7210-42D8-B30F-DD802B9DD842}.RelWithDebInfo|Win32.Build.0 = RelWithDebInfo|Win32
		{472FCD5E-7210-42D8-B30F-DD802B9DD842}.RelWithDebInfo|x64.ActiveCfg = RelWithDebInfo|Win32
		{472FCD5E-7210-42D8-B30F-DD802B9DD842}.SDL-Debug|Win32.ActiveCfg = Debug|Win32
		{472FCD5E-7210-42D8-B30F-DD802B9DD842}.SDL-Debug|Win32.Build.0 = Debug|Win32
		{472FCD5E-7210-42D8-B30F-DD802B9DD842}.SDL-Debug|x64.ActiveCfg = Debug|Win32
		{472FCD5E-7210-42D8-B30F-DD802B9DD842}.Static lib - Debug|Win32.ActiveCfg = Debug|Win32
		{472FCD5E-7210-42D8-B30F-DD802B9DD842}.Static lib - Debug|Win32.Build.0 = Debug|Win32
		{472FCD5E-7210-42D8-B30F-DD802B9DD842}.Static lib - Debug|x64.ActiveCfg = Debug|Win32
		{472FCD5E-7210-42D8-B30F-DD802B9DD842}.Static lib - Release - Fast FPU|Win32.ActiveCfg = Release|Win32
		{472FCD5E-7210-42D8-B30F-DD802B9DD842}.Static lib - Release - Fast FPU|Win32.Build.0 = Release|Win32
		{472FCD5E-7210-42D8-B30F-DD802B9DD842}.Static lib - Release - Fast FPU|x64.ActiveCfg = Release|Win32
		{472FCD5E-7210-42D8-B30F-DD802B9DD842}.Static lib - Release|Win32.ActiveCfg = Release|Win32
		{472FCD5E-7210-42D8-B30F-DD802B9DD842}.Static lib - Release|Win32.Build.0 = Release|Win32
		{472FCD5E-7210-42D8-B30F-DD802B9DD842}.Static lib - Release|x64.ActiveCfg = Release|Win32
		{AE1F7D1D-90ED-407B-AA76-28E9B68E3E13}.Debug|Win32.ActiveCfg = Debug|Win32
		{AE1F7D1D-90ED-407B-AA76-28E9B68E3E13}.Debug|Win32.Build.0 = Debug|Win32
		{AE1F7D1D-90ED-407B-AA76-28E9B68E3E13}.Debug|x64.ActiveCfg = Debug|Win32
		{AE1F7D1D-90ED-407B-AA76-28E9B68E3E13}.MinSizeRel|Win32.ActiveCfg = MinSizeRel|Win32
		{AE1F7D1D-90ED-407B-AA76-28E9B68E3E13}.MinSizeRel|Win32.Build.0 = MinSizeRel|Win32
		{AE1F7D1D-90ED-407B-AA76-28E9B68E3E13}.MinSizeRel|x64.ActiveCfg = MinSizeRel|Win32
		{AE1F7D1D-90ED-407B-AA76-28E9B68E3E13}.Release - Fast FPU|Win32.ActiveCfg = Release|Win32
		{AE1F7D1D-90ED-407B-AA76-28E9B68E3E13}.Release - Fast FPU|Win32.Build.0 = Release|Win32
		{AE1F7D1D-90ED-407B-AA76-28E9B68E3E13}.Release - Fast FPU|x64.ActiveCfg = Release|Win32
		{AE1F7D1D-90ED-407B-AA76-28E9B68E3E13}.Release|Win32.ActiveCfg = Release|Win32
		{AE1F7D1D-90ED-407B-AA76-28E9B68E3E13}.Release|Win32.Build.0 = Release|Win32
		{AE1F7D1D-90ED-407B-AA76-28E9B68E3E13}.Release|x64.ActiveCfg = Release|Win32
		{AE1F7D1D-90ED-407B-AA76-28E9B68E3E13}.RelWithDebInfo|Win32.ActiveCfg = RelWithDebInfo|Win32
		{AE1F7D1D-90ED-407B-AA76-28E9B68E3E13}.RelWithDebInfo|Win32.Build.0 = RelWithDebInfo|Win32
		{AE1F7D1D-90ED-407B-AA76-28E9B68E3E13}.RelWithDebInfo|x64.ActiveCfg = RelWithDebInfo|Win32
		{AE1F7D1D-90ED-407B-AA76-28E9B68E3E13}.SDL-Debug|Win32.ActiveCfg = Debug|Win32
		{AE1F7D1D-90ED-407B-AA76-28E9B68E3E13}.SDL-Debug|Win32.Build.0 = Debug|Win32
		{AE1F7D1D-90ED-407B-AA76-28E9B68E3E13}.SDL-Debug|x64.ActiveCfg = Debug|Win32
		{AE1F7D1D-90ED-407B-AA76-28E9B68E3E13}.Static lib - Debug|Win32.ActiveCfg = Debug|Win32
		{AE1F7D1D-90ED-407B-AA76-28E9B68E3E13}.Static lib - Debug|Win32.Build.0 = Debug|Win32
		{AE1F7D1D-90ED-407B-AA76-28E9B68E3E13}.Static lib - Debug|x64.ActiveCfg = Debug|Win32
		{AE1F7D1D-90ED-407B-AA76-28E9B68E3E13}.Static lib - Release - Fast FPU|Win32.ActiveCfg = Release|Win32
		{AE1F7D1D-90ED-407B-AA76-28E9B68E3E13}.Static lib - Release - Fast FPU|Win32.Build.0 = Release|Win32
		{AE1F7D1D-90ED-407B-AA76-28E9B68E3E13}.Static lib - Release - Fast FPU|x64.ActiveCfg = Release|Win32
		{AE1F7D1D-90ED-407B-AA76-28E9B68E3E13}.Static lib - Release|Win32.ActiveCfg = Release|Win32
		{AE1F7D1D-90ED-407B-AA76-28E9B68E3E13}.Static lib - Release|Win32.Build.0 = Release|Win32
		{AE1F7D1D-90ED-407B-AA76-28E9B68E3E13}.Static lib - Release|x64.ActiveCfg = Release|Win32
		{1BEDA773-83EF-4B54-A05A-36741FD96A80}.Debug|Win32.ActiveCfg = Debug|Win32
		{1BEDA773-83EF-4B54-A05A-36741FD96A80}.Debug|Win32.Build.0 = Debug|Win32
		{1BEDA773-83EF-4B54-A05A-36741FD96A80}.Debug|x64.ActiveCfg = Debug|Win32
		{1BEDA773-83EF-4B54-A05A-36741FD96A80}.MinSizeRel|Win32.ActiveCfg = MinSizeRel|Win32
		{1BEDA773-83EF-4B54-A05A-36741FD96A80}.MinSizeRel|Win32.Build.0 = MinSizeRel|Win32
		{1BEDA773-83EF-4B54-A05A-36741FD96A80}.MinSizeRel|x64.ActiveCfg = MinSizeRel|Win32
		{1BEDA773-83EF-4B54-A05A-36741FD96A80}.Release - Fast FPU|Win32.ActiveCfg = Release|Win32
		{1BEDA773-83EF-4B54-A05A-36741FD96A80}.Release - Fast FPU|Win32.Build.0 = Release|Win32
		{1BEDA773-83EF-4B54-A05A-36741FD96A80}.Release - Fast FPU|x64.ActiveCfg = Release|Win32
		{1BEDA773-83EF-4B54-A05A-36741FD96A80}.Release|Win32.ActiveCfg = Release|Win32
		{1BEDA773-83EF-4B54-A05A-36741FD96A80}.Release|Win32.Build.0 = Release|Win32
		{1BEDA773-83EF-4B54-A05A-36741FD96A80}.Release|x64.ActiveCfg = Release|Win32
		{1BEDA773-83EF-4B54-A05A-36741FD96A80}.RelWithDebInfo|Win32.ActiveCfg = RelWithDebInfo|Win32
		{1BEDA773-83EF-4B54-A05A-36741FD96A80}.RelWithDebInfo|Win32.Build.0 = RelWithDebInfo|Win32
		{1BEDA773-83EF-4B54-A05A-36741FD96A80}.RelWithDebInfo|x64.ActiveCfg = RelWithDebInfo|Win32
		{1BEDA773-83EF-4B54-A05A-36741FD96A80}.SDL-Debug|Win32.ActiveCfg = Debug|Win32
		{1BEDA773-83EF-4B54-A05A-36741FD96A80}.SDL-Debug|Win32.Build.0 = Debug|Win32
		{1BEDA773-83EF-4B54-A05A-36741FD96A80}.SDL-Debug|x64.ActiveCfg = Debug|Win32
		{1BEDA773-83EF-4B54-A05A-36741FD96A80}.Static lib - Debug|Win32.ActiveCfg = Debug|Win32
		{1BEDA773-83EF-4B54-A05A-36741FD96A80}.Static lib - Debug|Win32.Build.0 = Debug|Win32
		{1BEDA773-83EF-4B54-A05A-36741FD96A80}.Static lib - Debug|x64.ActiveCfg = Debug|Win32
		{1BEDA773-83EF-4B54-A05A-36741FD96A80}.Static lib - Release - Fast FPU|Win32.ActiveCfg = Release|Win32
		{1BEDA773-83EF-4B54-A05A-36741FD96A80}.Static lib - Release - Fast FPU|Win32.Build.0 = Release|Win32
		{1BEDA773-83EF-4B54-A05A-36741FD96A80}.Static lib - Release - Fast FPU|x64.ActiveCfg = Release|Win32
		{1BEDA773-83EF-4B54-A05A-36741FD96A80}.Static lib - Release|Win32.ActiveCfg = Release|Win32
		{1BEDA773-83EF-4B54-A05A-36741FD96A80}.Static lib - Release|Win32.Build.0 = Release|Win32
		{1BEDA773-83EF-4B54-A05A-36741FD96A80}.Static lib - Release|x64.ActiveCfg = Release|Win32
		{80382F99-0DB1-4A16-BECE-9201E9F5EF10}.Debug|Win32.ActiveCfg = Debug|Win32
		{80382F99-0DB1-4A16-BECE-9201E9F5EF10}.Debug|Win32.Build.0 = Debug|Win32
		{80382F99-0DB1-4A16-BECE-9201E9F5EF10}.Debug|x64.ActiveCfg = Debug|Win32
		{80382F99-0DB1-4A16-BECE-9201E9F5EF10}.MinSizeRel|Win32.ActiveCfg = MinSizeRel|Win32
		{80382F99-0DB1-4A16-BECE-9201E9F5EF10}.MinSizeRel|Win32.Build.0 = MinSizeRel|Win32
		{80382F99-0DB1-4A16-BECE-9201E9F5EF10}.MinSizeRel|x64.ActiveCfg = MinSizeRel|Win32
		{80382F99-0DB1-4A16-BECE-9201E9F5EF10}.Release - Fast FPU|Win32.ActiveCfg = Release|Win32
		{80382F99-0DB1-4A16-BECE-9201E9F5EF10}.Release - Fast FPU|Win32.Build.0 = Release|Win32
		{80382F99-0DB1-4A16-BECE-9201E9F5EF10}.Release - Fast FPU|x64.ActiveCfg = Release|Win32
		{80382F99-0DB1-4A16-BECE-9201E9F5EF10}.Release|Win32.ActiveCfg = Release|Win32
		{80382F99-0DB1-4A16-BECE-9201E9F5EF10}.Release|Win32.Build.0 = Release|Win32
		{80382F99-0DB1-4A16-BECE-9201E9F5EF10}.Release|x64.ActiveCfg = Release|Win32
		{80382F99-0DB1-4A16-BECE-9201E9F5EF10}.RelWithDebInfo|Win32.ActiveCfg = RelWithDebInfo|Win32
		{80382F99-0DB1-4A16-BECE-9201E9F5EF10}.RelWithDebInfo|Win32.Build.0 = RelWithDebInfo|Win32
		{80382F99-0DB1-4A16-BECE-9201E9F5EF10}.RelWithDebInfo|x64.ActiveCfg = RelWithDebInfo|Win32
		{80382F99-0DB1-4A16-BECE-9201E9F5EF10}.SDL-Debug|Win32.ActiveCfg = Debug|Win32
		{80382F99-0DB1-4A16-BECE-9201E9F5EF10}.SDL-Debug|Win32.Build.0 = Debug|Win32
		{80382F99-0DB1-4A16-BECE-9201E9F5EF10}.SDL-Debug|x64.ActiveCfg = Debug|Win32
		{80382F99-0DB1-4A16-BECE-9201E9F5EF10}.Static lib - Debug|Win32.ActiveCfg = Debug|Win32
		{80382F99-0DB1-4A16-BECE-9201E9F5EF10}.Static lib - Debug|Win32.Build.0 = Debug|Win32
		{80382F99-0DB1-4A16-BECE-9201E9F5EF10}.Static lib - Debug|x64.ActiveCfg = Debug|Win32
		{80382F99-0DB1-4A16-BECE-9201E9F5EF10}.Static lib - Release - Fast FPU|Win32.ActiveCfg = Release|Win32
		{80382F99-0DB1-4A16-BECE-9201E9F5EF10}.Static lib - Release - Fast FPU|Win32.Build.0 = Release|Win32
		{80382F99-0DB1-4A16-BECE-9201E9F5EF10}.Static lib - Release - Fast FPU|x64.ActiveCfg = Release|Win32
		{80382F99-0DB1-4A16-BECE-9201E9F5EF10}.Static lib - Release|Win32.ActiveCfg = Release|Win32
		{80382F99-0DB1-4A16-BECE-9201E9F5EF10}.Static lib - Release|Win32.Build.0 = Release|Win32
		{80382F99-0DB1-4A16-BECE-9201E9F5EF10}.Static lib - Release|x64.ActiveCfg = Release|Win32
		{6BA539ED-D37C-4A0E-B428-FA01A10B4A84}.Debug|Win32.ActiveCfg = Debug|Win32
		{6BA539ED-D37C-4A0E-B428-FA01A10B4A84}.Debug|x64.ActiveCfg = Debug|Win32
		{6BA539ED-D37C-4A0E-B428-FA01A10B4A84}.MinSizeRel|Win32.ActiveCfg = MinSizeRel|Win32
		{6BA539ED-D37C-4A0E-B428-FA01A10B4A84}.MinSizeRel|x64.ActiveCfg = MinSizeRel|Win32
		{6BA539ED-D37C-4A0E-B428-FA01A10B4A84}.Release - Fast FPU|Win32.ActiveCfg = Release|Win32
		{6BA539ED-D37C-4A0E-B428-FA01A10B4A84}.Release - Fast FPU|Win32.Build.0 = Release|Win32
		{6BA539ED-D37C-4A0E-B428-FA01A10B4A84}.Release - Fast FPU|x64.ActiveCfg = Release|Win32
		{6BA539ED-D37C-4A0E-B428-FA01A10B4A84}.Release|Win32.ActiveCfg = Release|Win32
		{6BA539ED-D37C-4A0E-B428-FA01A10B4A84}.Release|x64.ActiveCfg = Release|Win32
		{6BA539ED-D37C-4A0E-B428-FA01A10B4A84}.RelWithDebInfo|Win32.ActiveCfg = RelWithDebInfo|Win32
		{6BA539ED-D37C-4A0E-B428-FA01A10B4A84}.RelWithDebInfo|x64.ActiveCfg = RelWithDebInfo|Win32
		{6BA539ED-D37C-4A0E-B428-FA01A10B4A84}.SDL-Debug|Win32.ActiveCfg = Debug|Win32
		{6BA539ED-D37C-4A0E-B428-FA01A10B4A84}.SDL-Debug|Win32.Build.0 = Debug|Win32
		{6BA539ED-D37C-4A0E-B428-FA01A10B4A84}.SDL-Debug|x64.ActiveCfg = Debug|Win32
		{6BA539ED-D37C-4A0E-B428-FA01A10B4A84}.Static lib - Debug|Win32.ActiveCfg = Debug|Win32
		{6BA539ED-D37C-4A0E-B428-FA01A10B4A84}.Static lib - Debug|Win32.Build.0 = Debug|Win32
		{6BA539ED-D37C-4A0E-B428-FA01A10B4A84}.Static lib - Debug|x64.ActiveCfg = Debug|Win32
		{6BA539ED-D37C-4A0E-B428-FA01A10B4A84}.Static lib - Release - Fast FPU|Win32.ActiveCfg = Release|Win32
		{6BA539ED-D37C-4A0E-B428-FA01A10B4A84}.Static lib - Release - Fast FPU|Win32.Build.0 = Release|Win32
		{6BA539ED-D37C-4A0E-B428-FA01A10B4A84}.Static lib - Release - Fast FPU|x64.ActiveCfg = Release|Win32
		{6BA539ED-D37C-4A0E-B428-FA01A10B4A84}.Static lib - Release|Win32.ActiveCfg = Release|Win32
		{6BA539ED-D37C-4A0E-B428-FA01A10B4A84}.Static lib - Release|Win32.Build.0 = Release|Win32
		{6BA539ED-D37C-4A0E-B428-FA01A10B4A84}.Static lib - Release|x64.ActiveCfg = Release|Win32
		{842F4858-CDA3-4BB2-97E4-8B51C3A97313}.Debug|Win32.ActiveCfg = Debug|Win32
		{842F4858-CDA3-4BB2-97E4-8B51C3A97313}.Debug|Win32.Build.0 = Debug|Win32
		{842F4858-CDA3-4BB2-97E4-8B51C3A97313}.Debug|x64.ActiveCfg = Debug|Win32
		{842F4858-CDA3-4BB2-97E4-8B51C3A97313}.MinSizeRel|Win32.ActiveCfg = MinSizeRel|Win32
		{842F4858-CDA3-4BB2-97E4-8B51C3A97313}.MinSizeRel|Win32.Build.0 = MinSizeRel|Win32
		{842F4858-CDA3-4BB2-97E4-8B51C3A97313}.MinSizeRel|x64.ActiveCfg = MinSizeRel|Win32
		{842F4858-CDA3-4BB2-97E4-8B51C3A97313}.Release - Fast FPU|Win32.ActiveCfg = Release|Win32
		{842F4858-CDA3-4BB2-97E4-8B51C3A97313}.Release - Fast FPU|Win32.Build.0 = Release|Win32
		{842F4858-CDA3-4BB2-97E4-8B51C3A97313}.Release - Fast FPU|x64.ActiveCfg = Release|Win32
		{842F4858-CDA3-4BB2-97E4-8B51C3A97313}.Release|Win32.ActiveCfg = Release|Win32
		{842F4858-CDA3-4BB2-97E4-8B51C3A97313}.Release|Win32.Build.0 = Release|Win32
		{842F4858-CDA3-4BB2-97E4-8B51C3A97313}.Release|x64.ActiveCfg = Release|Win32
		{842F4858-CDA3-4BB2-97E4-8B51C3A97313}.RelWithDebInfo|Win32.ActiveCfg = RelWithDebInfo|Win32
		{842F4858-CDA3-4BB2-97E4-8B51C3A97313}.RelWithDebInfo|Win32.Build.0 = RelWithDebInfo|Win32
		{842F4858-CDA3-4BB2-97E4-8B51C3A97313}.RelWithDebInfo|x64.ActiveCfg = RelWithDebInfo|Win32
		{842F4858-CDA3-4BB2-97E4-8B51C3A97313}.SDL-Debug|Win32.ActiveCfg = Debug|Win32
		{842F4858-CDA3-4BB2-97E4-8B51C3A97313}.SDL-Debug|Win32.Build.0 = Debug|Win32
		{842F4858-CDA3-4BB2-97E4-8B51C3A97313}.SDL-Debug|x64.ActiveCfg = Debug|Win32
		{842F4858-CDA3-4BB2-97E4-8B51C3A97313}.Static lib - Debug|Win32.ActiveCfg = Debug|Win32
		{842F4858-CDA3-4BB2-97E4-8B51C3A97313}.Static lib - Debug|Win32.Build.0 = Debug|Win32
		{842F4858-CDA3-4BB2-97E4-8B51C3A97313}.Static lib - Debug|x64.ActiveCfg = Debug|Win32
		{842F4858-CDA3-4BB2-97E4-8B51C3A97313}.Static lib - Release - Fast FPU|Win32.ActiveCfg = Release|Win32
		{842F4858-CDA3-4BB2-97E4-8B51C3A97313}.Static lib - Release - Fast FPU|Win32.Build.0 = Release|Win32
		{842F4858-CDA3-4BB2-97E4-8B51C3A97313}.Static lib - Release - Fast FPU|x64.ActiveCfg = Release|Win32
		{842F4858-CDA3-4BB2-97E4-8B51C3A97313}.Static lib - Release|Win32.ActiveCfg = Release|Win32
		{842F4858-CDA3-4BB2-97E4-8B51C3A97313}.Static lib - Release|Win32.Build.0 = Release|Win32
		{842F4858-CDA3-4BB2-97E4-8B51C3A97313}.Static lib - Release|x64.ActiveCfg = Release|Win32
		{F3E8951F-543D-42B2-BB17-210344014336}.Debug|Win32.ActiveCfg = Debug|Win32
		{F3E8951F-543D-42B2-BB17-210344014336}.Debug|Win32.Build.0 = Debug|Win32
		{F3E8951F-543D-42B2-BB17-210344014336}.Debug|x64.ActiveCfg = Debug|Win32
		{F3E8951F-543D-42B2-BB17-210344014336}.MinSizeRel|Win32.ActiveCfg = MinSizeRel|Win32
		{F3E8951F-543D-42B2-BB17-210344014336}.MinSizeRel|Win32.Build.0 = MinSizeRel|Win32
		{F3E8951F-543D-42B2-BB17-210344014336}.MinSizeRel|x64.ActiveCfg = MinSizeRel|Win32
		{F3E8951F-543D-42B2-BB17-210344014336}.Release - Fast FPU|Win32.ActiveCfg = Release|Win32
		{F3E8951F-543D-42B2-BB17-210344014336}.Release - Fast FPU|Win32.Build.0 = Release|Win32
		{F3E8951F-543D-42B2-BB17-210344014336}.Release - Fast FPU|x64.ActiveCfg = Release|Win32
		{F3E8951F-543D-42B2-BB17-210344014336}.Release|Win32.ActiveCfg = Release|Win32
		{F3E8951F-543D-42B2-BB17-210344014336}.Release|Win32.Build.0 = Release|Win32
		{F3E8951F-543D-42B2-BB17-210344014336}.Release|x64.ActiveCfg = Release|Win32
		{F3E8951F-543D-42B2-BB17-210344014336}.RelWithDebInfo|Win32.ActiveCfg = RelWithDebInfo|Win32
		{F3E8951F-543D-42B2-BB17-210344014336}.RelWithDebInfo|Win32.Build.0 = RelWithDebInfo|Win32
		{F3E8951F-543D-42B2-BB17-210344014336}.RelWithDebInfo|x64.ActiveCfg = RelWithDebInfo|Win32
		{F3E8951F-543D-42B2-BB17-210344014336}.SDL-Debug|Win32.ActiveCfg = Debug|Win32
		{F3E8951F-543D-42B2-BB17-210344014336}.SDL-Debug|Win32.Build.0 = Debug|Win32
		{F3E8951F-543D-42B2-BB17-210344014336}.SDL-Debug|x64.ActiveCfg = Debug|Win32
		{F3E8951F-543D-42B2-BB17-210344014336}.Static lib - Debug|Win32.ActiveCfg = Debug|Win32
		{F3E8951F-543D-42B2-BB17-210344014336}.Static lib - Debug|Win32.Build.0 = Debug|Win32
		{F3E8951F-543D-42B2-BB17-210344014336}.Static lib - Debug|x64.ActiveCfg = Debug|Win32
		{F3E8951F-543D-42B2-BB17-210344014336}.Static lib - Release - Fast FPU|Win32.ActiveCfg = Release|Win32
		{F3E8951F-543D-42B2-BB17-210344014336}.Static lib - Release - Fast FPU|Win32.Build.0 = Release|Win32
		{F3E8951F-543D-42B2-BB17-210344014336}.Static lib - Release - Fast FPU|x64.ActiveCfg = Release|Win32
		{F3E8951F-543D-42B2-BB17-210344014336}.Static lib - Release|Win32.ActiveCfg = Release|Win32
		{F3E8951F-543D-42B2-BB17-210344014336}.Static lib - Release|Win32.Build.0 = Release|Win32
		{F3E8951F-543D-42B2-BB17-210344014336}.Static lib - Release|x64.ActiveCfg = Release|Win32
		{E08E042A-6C45-411B-92BE-3CC31331019F}.Debug|Win32.ActiveCfg = Debug|Win32
		{E08E042A-6C45-411B-92BE-3CC31331019F}.Debug|Win32.Build.0 = Debug|Win32
		{E08E042A-6C45-411B-92BE-3CC31331019F}.Debug|x64.ActiveCfg = Debug|x64
		{E08E042A-6C45-411B-92BE-3CC31331019F}.Debug|x64.Build.0 = Debug|x64
		{E08E042A-6C45-411B-92BE-3CC31331019F}.MinSizeRel|Win32.ActiveCfg = Static lib - Release|x64
		{E08E042A-6C45-411B-92BE-3CC31331019F}.MinSizeRel|x64.ActiveCfg = Static lib - Release|x64
		{E08E042A-6C45-411B-92BE-3CC31331019F}.MinSizeRel|x64.Build.0 = Static lib - Release|x64
		{E08E042A-6C45-411B-92BE-3CC31331019F}.Release - Fast FPU|Win32.ActiveCfg = Release - Fast FPU|Win32
		{E08E042A-6C45-411B-92BE-3CC31331019F}.Release - Fast FPU|Win32.Build.0 = Release - Fast FPU|Win32
		{E08E042A-6C45-411B-92BE-3CC31331019F}.Release - Fast FPU|x64.ActiveCfg = Release - Fast FPU|x64
		{E08E042A-6C45-411B-92BE-3CC31331019F}.Release - Fast FPU|x64.Build.0 = Release - Fast FPU|x64
		{E08E042A-6C45-411B-92BE-3CC31331019F}.Release|Win32.ActiveCfg = Release|Win32
		{E08E042A-6C45-411B-92BE-3CC31331019F}.Release|Win32.Build.0 = Release|Win32
		{E08E042A-6C45-411B-92BE-3CC31331019F}.Release|x64.ActiveCfg = Release|x64
		{E08E042A-6C45-411B-92BE-3CC31331019F}.Release|x64.Build.0 = Release|x64
		{E08E042A-6C45-411B-92BE-3CC31331019F}.RelWithDebInfo|Win32.ActiveCfg = Release|x64
		{E08E042A-6C45-411B-92BE-3CC31331019F}.RelWithDebInfo|x64.ActiveCfg = Release|x64
		{E08E042A-6C45-411B-92BE-3CC31331019F}.RelWithDebInfo|x64.Build.0 = Release|x64
		{E08E042A-6C45-411B-92BE-3CC31331019F}.SDL-Debug|Win32.ActiveCfg = SDL-Debug|Win32
		{E08E042A-6C45-411B-92BE-3CC31331019F}.SDL-Debug|Win32.Build.0 = SDL-Debug|Win32
		{E08E042A-6C45-411B-92BE-3CC31331019F}.SDL-Debug|x64.ActiveCfg = SDL-Debug|x64
		{E08E042A-6C45-411B-92BE-3CC31331019F}.SDL-Debug|x64.Build.0 = SDL-Debug|x64
		{E08E042A-6C45-411B-92BE-3CC31331019F}.Static lib - Debug|Win32.ActiveCfg = Static lib - Debug|Win32
		{E08E042A-6C45-411B-92BE-3CC31331019F}.Static lib - Debug|Win32.Build.0 = Static lib - Debug|Win32
		{E08E042A-6C45-411B-92BE-3CC31331019F}.Static lib - Debug|x64.ActiveCfg = Static lib - Debug|x64
		{E08E042A-6C45-411B-92BE-3CC31331019F}.Static lib - Debug|x64.Build.0 = Static lib - Debug|x64
		{E08E042A-6C45-411B-92BE-3CC31331019F}.Static lib - Release - Fast FPU|Win32.ActiveCfg = Static lib - Release - Fast FPU|Win32
		{E08E042A-6C45-411B-92BE-3CC31331019F}.Static lib - Release - Fast FPU|Win32.Build.0 = Static lib - Release - Fast FPU|Win32
		{E08E042A-6C45-411B-92BE-3CC31331019F}.Static lib - Release - Fast FPU|x64.ActiveCfg = Static lib - Release - Fast FPU|x64
		{E08E042A-6C45-411B-92BE-3CC31331019F}.Static lib - Release - Fast FPU|x64.Build.0 = Static lib - Release - Fast FPU|x64
		{E08E042A-6C45-411B-92BE-3CC31331019F}.Static lib - Release|Win32.ActiveCfg = Static lib - Release|Win32
		{E08E042A-6C45-411B-92BE-3CC31331019F}.Static lib - Release|Win32.Build.0 = Static lib - Release|Win32
		{E08E042A-6C45-411B-92BE-3CC31331019F}.Static lib - Release|x64.ActiveCfg = Static lib - Release|x64
		{E08E042A-6C45-411B-92BE-3CC31331019F}.Static lib - Release|x64.Build.0 = Static lib - Release|x64
	EndGlobalSection
	GlobalSection(SolutionProperties) = preSolution
		HideSolutionNode = FALSE
	EndGlobalSection
EndGlobal
