<?xml version="1.0" encoding="utf-8"?>
<Project ToolsVersion="4.0" xmlns="http://schemas.microsoft.com/developer/msbuild/2003">
  <ItemGroup>
    <ClCompile Include="F:\devlib\stk\lib\enet\callbacks.c">
      <Filter>Source Files</Filter>
    </ClCompile>
    <ClCompile Include="F:\devlib\stk\lib\enet\compress.c">
      <Filter>Source Files</Filter>
    </ClCompile>
    <ClCompile Include="F:\devlib\stk\lib\enet\host.c">
      <Filter>Source Files</Filter>
    </ClCompile>
    <ClCompile Include="F:\devlib\stk\lib\enet\list.c">
      <Filter>Source Files</Filter>
    </ClCompile>
    <ClCompile Include="F:\devlib\stk\lib\enet\packet.c">
      <Filter>Source Files</Filter>
    </ClCompile>
    <ClCompile Include="F:\devlib\stk\lib\enet\peer.c">
      <Filter>Source Files</Filter>
    </ClCompile>
    <ClCompile Include="F:\devlib\stk\lib\enet\protocol.c">
      <Filter>Source Files</Filter>
    </ClCompile>
    <ClCompile Include="F:\devlib\stk\lib\enet\unix.c">
      <Filter>Source Files</Filter>
    </ClCompile>
    <ClCompile Include="F:\devlib\stk\lib\enet\win32.c">
      <Filter>Source Files</Filter>
    </ClCompile>
  </ItemGroup>
  <ItemGroup>
  </ItemGroup>
  <ItemGroup>
  </ItemGroup>
  <ItemGroup>
  </ItemGroup>
  <ItemGroup>
    <CustomBuild Include="CMakeLists.txt" />
  </ItemGroup>
  <ItemGroup>
    <Filter Include="Source Files">
      <UniqueIdentifier>{3187BDCD-081F-47DA-8348-1B7F2CD7BF2B}</UniqueIdentifier>
    </Filter>
  </ItemGroup>
  <ItemGroup>
  </ItemGroup>
</Project>
